
Microsoft Visual Studio Solution File, Format Version 12.00
# Visual Studio Version 17
VisualStudioVersion = 17.0.32014.148
MinimumVisualStudioVersion = 10.0.40219.1
Project("{6EC3EE1D-3C4E-46DD-8F32-0CC8E7565705}") = "Trulla", "Trulla\Trulla.fsproj", "{7AA8BF26-2B04-440F-A581-53E40A0A0291}"
EndProject
Project("{6EC3EE1D-3C4E-46DD-8F32-0CC8E7565705}") = "Tests", "Tests\Tests.fsproj", "{A2DA73DB-F573-49B0-9252-6CA4F9F6C0A7}"
EndProject
Project("{F2A71F9B-5D33-465A-A702-920D77279786}") = "Trulla.TypeProvider", "Trulla.TypeProvider\Trulla.TypeProvider.fsproj", "{2ACBBDA1-928F-437A-BF91-C3D4D0C4C5CE}"
EndProject
Project("{F2A71F9B-5D33-465A-A702-920D77279786}") = "Trulla.SourceGenerator", "Trulla.SourceGenerator\Trulla.SourceGenerator.fsproj", "{24FE5AC9-B4FC-44D1-AF07-B2EDCBE0D10F}"
EndProject
Project("{2150E333-8FDC-42A3-9474-1A3956D46DE8}") = "Test", "Test", "{9835F9D0-14C2-4C4C-A770-9F7AA386FCD0}"
EndProject
Project("{FAE04EC0-301F-11D3-BF4B-00C04F79EFBC}") = "Trulla.SourceGenerator.Tests", "Trulla.SourceGenerator.Tests\Trulla.SourceGenerator.Tests.csproj", "{9522F15B-BDBB-40D9-9D57-BE3173D0EA06}"
EndProject
Global
	GlobalSection(SolutionConfigurationPlatforms) = preSolution
		Debug|Any CPU = Debug|Any CPU
		Release|Any CPU = Release|Any CPU
	EndGlobalSection
	GlobalSection(ProjectConfigurationPlatforms) = postSolution
		{7AA8BF26-2B04-440F-A581-53E40A0A0291}.Debug|Any CPU.ActiveCfg = Debug|Any CPU
		{7AA8BF26-2B04-440F-A581-53E40A0A0291}.Debug|Any CPU.Build.0 = Debug|Any CPU
		{7AA8BF26-2B04-440F-A581-53E40A0A0291}.Release|Any CPU.ActiveCfg = Release|Any CPU
		{7AA8BF26-2B04-440F-A581-53E40A0A0291}.Release|Any CPU.Build.0 = Release|Any CPU
		{A2DA73DB-F573-49B0-9252-6CA4F9F6C0A7}.Debug|Any CPU.ActiveCfg = Debug|Any CPU
		{A2DA73DB-F573-49B0-9252-6CA4F9F6C0A7}.Debug|Any CPU.Build.0 = Debug|Any CPU
		{A2DA73DB-F573-49B0-9252-6CA4F9F6C0A7}.Release|Any CPU.ActiveCfg = Release|Any CPU
		{A2DA73DB-F573-49B0-9252-6CA4F9F6C0A7}.Release|Any CPU.Build.0 = Release|Any CPU
		{2ACBBDA1-928F-437A-BF91-C3D4D0C4C5CE}.Debug|Any CPU.ActiveCfg = Debug|Any CPU
		{2ACBBDA1-928F-437A-BF91-C3D4D0C4C5CE}.Debug|Any CPU.Build.0 = Debug|Any CPU
		{2ACBBDA1-928F-437A-BF91-C3D4D0C4C5CE}.Release|Any CPU.ActiveCfg = Release|Any CPU
		{2ACBBDA1-928F-437A-BF91-C3D4D0C4C5CE}.Release|Any CPU.Build.0 = Release|Any CPU
		{24FE5AC9-B4FC-44D1-AF07-B2EDCBE0D10F}.Debug|Any CPU.ActiveCfg = Debug|Any CPU
		{24FE5AC9-B4FC-44D1-AF07-B2EDCBE0D10F}.Debug|Any CPU.Build.0 = Debug|Any CPU
		{24FE5AC9-B4FC-44D1-AF07-B2EDCBE0D10F}.Release|Any CPU.ActiveCfg = Release|Any CPU
		{24FE5AC9-B4FC-44D1-AF07-B2EDCBE0D10F}.Release|Any CPU.Build.0 = Release|Any CPU
		{9522F15B-BDBB-40D9-9D57-BE3173D0EA06}.Debug|Any CPU.ActiveCfg = Debug|Any CPU
		{9522F15B-BDBB-40D9-9D57-BE3173D0EA06}.Debug|Any CPU.Build.0 = Debug|Any CPU
		{9522F15B-BDBB-40D9-9D57-BE3173D0EA06}.Release|Any CPU.ActiveCfg = Release|Any CPU
		{9522F15B-BDBB-40D9-9D57-BE3173D0EA06}.Release|Any CPU.Build.0 = Release|Any CPU
	EndGlobalSection
	GlobalSection(SolutionProperties) = preSolution
		HideSolutionNode = FALSE
	EndGlobalSection
	GlobalSection(NestedProjects) = preSolution
		{A2DA73DB-F573-49B0-9252-6CA4F9F6C0A7} = {9835F9D0-14C2-4C4C-A770-9F7AA386FCD0}
		{9522F15B-BDBB-40D9-9D57-BE3173D0EA06} = {9835F9D0-14C2-4C4C-A770-9F7AA386FCD0}
	EndGlobalSection
	GlobalSection(ExtensibilityGlobals) = postSolution
		SolutionGuid = {31B03B52-7B87-4BEA-957A-9CFD25936243}
	EndGlobalSection
EndGlobal
